
Microsoft Visual Studio Solution File, Format Version 12.00
# Visual Studio Version 16
VisualStudioVersion = 16.0.31729.503
MinimumVisualStudioVersion = 10.0.40219.1
Project("{FAE04EC0-301F-11D3-BF4B-00C04F79EFBC}") = "ProytectoCoreEF", "ProytectoCoreEF\ProytectoCoreEF.csproj", "{88BE8508-9FD9-4756-8F50-59E901FFB212}"
EndProject
Global
	GlobalSection(SolutionConfigurationPlatforms) = preSolution
		Debug|Any CPU = Debug|Any CPU
		Release|Any CPU = Release|Any CPU
	EndGlobalSection
	GlobalSection(ProjectConfigurationPlatforms) = postSolution
		{88BE8508-9FD9-4756-8F50-59E901FFB212}.Debug|Any CPU.ActiveCfg = Debug|Any CPU
		{88BE8508-9FD9-4756-8F50-59E901FFB212}.Debug|Any CPU.Build.0 = Debug|Any CPU
		{88BE8508-9FD9-4756-8F50-59E901FFB212}.Release|Any CPU.ActiveCfg = Release|Any CPU
		{88BE8508-9FD9-4756-8F50-59E901FFB212}.Release|Any CPU.Build.0 = Release|Any CPU
	EndGlobalSection
	GlobalSection(SolutionProperties) = preSolution
		HideSolutionNode = FALSE
	EndGlobalSection
	GlobalSection(ExtensibilityGlobals) = postSolution
		SolutionGuid = {B2234E9E-1B2A-4F9D-8FB4-70D5B554CFBA}
	EndGlobalSection
EndGlobal
